// !$*UTF8*$!
{
	archiveVersion = 1;
	classes = {
	};
	objectVersion = 50;
	objects = {

/* Begin PBXBuildFile section */
		6C5472B0255D55E60047358B /* DialPadRow.xib in Resources */ = {isa = PBXBuildFile; fileRef = 6C5472AF255D55E60047358B /* DialPadRow.xib */; };
		6C5472B3255D55F90047358B /* DialPadRow.swift in Sources */ = {isa = PBXBuildFile; fileRef = 6C5472B2255D55F90047358B /* DialPadRow.swift */; };
		6CCBB3AE255EF7A10087B7FE /* DialVC.swift in Sources */ = {isa = PBXBuildFile; fileRef = 6CCBB3AD255EF7A10087B7FE /* DialVC.swift */; };
		6CCBB3B3255EF8A40087B7FE /* TransparentNavBarNC.swift in Sources */ = {isa = PBXBuildFile; fileRef = 6CCBB3B2255EF8A40087B7FE /* TransparentNavBarNC.swift */; };
		6CD56A4E255C204800F7C75A /* AppDelegate.swift in Sources */ = {isa = PBXBuildFile; fileRef = 6CD56A4D255C204800F7C75A /* AppDelegate.swift */; };
		6CD56A50255C204800F7C75A /* SceneDelegate.swift in Sources */ = {isa = PBXBuildFile; fileRef = 6CD56A4F255C204800F7C75A /* SceneDelegate.swift */; };
		6CD56A52255C204800F7C75A /* ViewController.swift in Sources */ = {isa = PBXBuildFile; fileRef = 6CD56A51255C204800F7C75A /* ViewController.swift */; };
		6CD56A55255C204800F7C75A /* Main.storyboard in Resources */ = {isa = PBXBuildFile; fileRef = 6CD56A53255C204800F7C75A /* Main.storyboard */; };
		6CD56A57255C204A00F7C75A /* Assets.xcassets in Resources */ = {isa = PBXBuildFile; fileRef = 6CD56A56255C204A00F7C75A /* Assets.xcassets */; };
		6CD56A5A255C204A00F7C75A /* LaunchScreen.storyboard in Resources */ = {isa = PBXBuildFile; fileRef = 6CD56A58255C204A00F7C75A /* LaunchScreen.storyboard */; };
		6CD56A66255C341A00F7C75A /* BaseReusableView.swift in Sources */ = {isa = PBXBuildFile; fileRef = 6CD56A65255C341A00F7C75A /* BaseReusableView.swift */; };
		6CD56A6E255C6B3400F7C75A /* DialPadButton.xib in Resources */ = {isa = PBXBuildFile; fileRef = 6CD56A6D255C6B3400F7C75A /* DialPadButton.xib */; };
		6CD56A71255C6B4C00F7C75A /* DialPadButton.swift in Sources */ = {isa = PBXBuildFile; fileRef = 6CD56A70255C6B4C00F7C75A /* DialPadButton.swift */; };
/* End PBXBuildFile section */

/* Begin PBXFileReference section */
		6C5472AF255D55E60047358B /* DialPadRow.xib */ = {isa = PBXFileReference; lastKnownFileType = file.xib; path = DialPadRow.xib; sourceTree = "<group>"; };
		6C5472B2255D55F90047358B /* DialPadRow.swift */ = {isa = PBXFileReference; lastKnownFileType = sourcecode.swift; path = DialPadRow.swift; sourceTree = "<group>"; };
		6CCBB3AD255EF7A10087B7FE /* DialVC.swift */ = {isa = PBXFileReference; lastKnownFileType = sourcecode.swift; path = DialVC.swift; sourceTree = "<group>"; };
		6CCBB3B2255EF8A40087B7FE /* TransparentNavBarNC.swift */ = {isa = PBXFileReference; lastKnownFileType = sourcecode.swift; path = TransparentNavBarNC.swift; sourceTree = "<group>"; };
		6CD56A4A255C204800F7C75A /* Dial Pad.app */ = {isa = PBXFileReference; explicitFileType = wrapper.application; includeInIndex = 0; path = "Dial Pad.app"; sourceTree = BUILT_PRODUCTS_DIR; };
		6CD56A4D255C204800F7C75A /* AppDelegate.swift */ = {isa = PBXFileReference; lastKnownFileType = sourcecode.swift; path = AppDelegate.swift; sourceTree = "<group>"; };
		6CD56A4F255C204800F7C75A /* SceneDelegate.swift */ = {isa = PBXFileReference; lastKnownFileType = sourcecode.swift; path = SceneDelegate.swift; sourceTree = "<group>"; };
		6CD56A51255C204800F7C75A /* ViewController.swift */ = {isa = PBXFileReference; lastKnownFileType = sourcecode.swift; path = ViewController.swift; sourceTree = "<group>"; };
		6CD56A54255C204800F7C75A /* Base */ = {isa = PBXFileReference; lastKnownFileType = file.storyboard; name = Base; path = Base.lproj/Main.storyboard; sourceTree = "<group>"; };
		6CD56A56255C204A00F7C75A /* Assets.xcassets */ = {isa = PBXFileReference; lastKnownFileType = folder.assetcatalog; path = Assets.xcassets; sourceTree = "<group>"; };
		6CD56A59255C204A00F7C75A /* Base */ = {isa = PBXFileReference; lastKnownFileType = file.storyboard; name = Base; path = Base.lproj/LaunchScreen.storyboard; sourceTree = "<group>"; };
		6CD56A5B255C204A00F7C75A /* Info.plist */ = {isa = PBXFileReference; lastKnownFileType = text.plist.xml; path = Info.plist; sourceTree = "<group>"; };
		6CD56A65255C341A00F7C75A /* BaseReusableView.swift */ = {isa = PBXFileReference; fileEncoding = 4; lastKnownFileType = sourcecode.swift; path = BaseReusableView.swift; sourceTree = "<group>"; };
		6CD56A6D255C6B3400F7C75A /* DialPadButton.xib */ = {isa = PBXFileReference; lastKnownFileType = file.xib; path = DialPadButton.xib; sourceTree = "<group>"; };
		6CD56A70255C6B4C00F7C75A /* DialPadButton.swift */ = {isa = PBXFileReference; lastKnownFileType = sourcecode.swift; path = DialPadButton.swift; sourceTree = "<group>"; };
/* End PBXFileReference section */

/* Begin PBXFrameworksBuildPhase section */
		6CD56A47255C204800F7C75A /* Frameworks */ = {
			isa = PBXFrameworksBuildPhase;
			buildActionMask = 2147483647;
			files = (
			);
			runOnlyForDeploymentPostprocessing = 0;
		};
/* End PBXFrameworksBuildPhase section */

/* Begin PBXGroup section */
		6CCBB3A8255EF6660087B7FE /* View Controllers */ = {
			isa = PBXGroup;
			children = (
				6CCBB3AD255EF7A10087B7FE /* DialVC.swift */,
			);
			path = "View Controllers";
			sourceTree = "<group>";
		};
		6CCBB3B1255EF8800087B7FE /* Navigation Controllers */ = {
			isa = PBXGroup;
			children = (
				6CCBB3B2255EF8A40087B7FE /* TransparentNavBarNC.swift */,
			);
			path = "Navigation Controllers";
			sourceTree = "<group>";
		};
		6CD56A41255C204800F7C75A = {
			isa = PBXGroup;
			children = (
				6CD56A4C255C204800F7C75A /* Dial Pad */,
				6CD56A4B255C204800F7C75A /* Products */,
			);
			sourceTree = "<group>";
		};
		6CD56A4B255C204800F7C75A /* Products */ = {
			isa = PBXGroup;
			children = (
				6CD56A4A255C204800F7C75A /* Dial Pad.app */,
			);
			name = Products;
			sourceTree = "<group>";
		};
		6CD56A4C255C204800F7C75A /* Dial Pad */ = {
			isa = PBXGroup;
			children = (
				6CCBB3B1255EF8800087B7FE /* Navigation Controllers */,
				6CCBB3A8255EF6660087B7FE /* View Controllers */,
				6CD56A68255C342100F7C75A /* Reusable Views */,
				6CD56A4D255C204800F7C75A /* AppDelegate.swift */,
				6CD56A4F255C204800F7C75A /* SceneDelegate.swift */,
				6CD56A51255C204800F7C75A /* ViewController.swift */,
				6CD56A53255C204800F7C75A /* Main.storyboard */,
				6CD56A56255C204A00F7C75A /* Assets.xcassets */,
				6CD56A58255C204A00F7C75A /* LaunchScreen.storyboard */,
				6CD56A5B255C204A00F7C75A /* Info.plist */,
			);
			path = "Dial Pad";
			sourceTree = "<group>";
		};
		6CD56A68255C342100F7C75A /* Reusable Views */ = {
			isa = PBXGroup;
			children = (
				6CD56A65255C341A00F7C75A /* BaseReusableView.swift */,
				6CD56A6C255C5CCC00F7C75A /* DialPadButton */,
				6CD56A6B255C5CB500F7C75A /* DialPadRow */,
			);
			path = "Reusable Views";
			sourceTree = "<group>";
		};
		6CD56A6B255C5CB500F7C75A /* DialPadRow */ = {
			isa = PBXGroup;
			children = (
				6C5472AF255D55E60047358B /* DialPadRow.xib */,
				6C5472B2255D55F90047358B /* DialPadRow.swift */,
			);
			path = DialPadRow;
			sourceTree = "<group>";
		};
		6CD56A6C255C5CCC00F7C75A /* DialPadButton */ = {
			isa = PBXGroup;
			children = (
				6CD56A6D255C6B3400F7C75A /* DialPadButton.xib */,
				6CD56A70255C6B4C00F7C75A /* DialPadButton.swift */,
			);
			path = DialPadButton;
			sourceTree = "<group>";
		};
/* End PBXGroup section */

/* Begin PBXNativeTarget section */
		6CD56A49255C204800F7C75A /* Dial Pad */ = {
			isa = PBXNativeTarget;
			buildConfigurationList = 6CD56A5E255C204A00F7C75A /* Build configuration list for PBXNativeTarget "Dial Pad" */;
			buildPhases = (
				6CD56A46255C204800F7C75A /* Sources */,
				6CD56A47255C204800F7C75A /* Frameworks */,
				6CD56A48255C204800F7C75A /* Resources */,
			);
			buildRules = (
			);
			dependencies = (
			);
			name = "Dial Pad";
			productName = "Dial Pad";
			productReference = 6CD56A4A255C204800F7C75A /* Dial Pad.app */;
			productType = "com.apple.product-type.application";
		};
/* End PBXNativeTarget section */

/* Begin PBXProject section */
		6CD56A42255C204800F7C75A /* Project object */ = {
			isa = PBXProject;
			attributes = {
				LastSwiftUpdateCheck = 1200;
				LastUpgradeCheck = 1200;
				TargetAttributes = {
					6CD56A49255C204800F7C75A = {
						CreatedOnToolsVersion = 12.0;
					};
				};
			};
			buildConfigurationList = 6CD56A45255C204800F7C75A /* Build configuration list for PBXProject "Dial Pad" */;
			compatibilityVersion = "Xcode 9.3";
			developmentRegion = en;
			hasScannedForEncodings = 0;
			knownRegions = (
				en,
				Base,
			);
			mainGroup = 6CD56A41255C204800F7C75A;
			productRefGroup = 6CD56A4B255C204800F7C75A /* Products */;
			projectDirPath = "";
			projectRoot = "";
			targets = (
				6CD56A49255C204800F7C75A /* Dial Pad */,
			);
		};
/* End PBXProject section */

/* Begin PBXResourcesBuildPhase section */
		6CD56A48255C204800F7C75A /* Resources */ = {
			isa = PBXResourcesBuildPhase;
			buildActionMask = 2147483647;
			files = (
				6C5472B0255D55E60047358B /* DialPadRow.xib in Resources */,
				6CD56A5A255C204A00F7C75A /* LaunchScreen.storyboard in Resources */,
				6CD56A6E255C6B3400F7C75A /* DialPadButton.xib in Resources */,
				6CD56A57255C204A00F7C75A /* Assets.xcassets in Resources */,
				6CD56A55255C204800F7C75A /* Main.storyboard in Resources */,
			);
			runOnlyForDeploymentPostprocessing = 0;
		};
/* End PBXResourcesBuildPhase section */

/* Begin PBXSourcesBuildPhase section */
		6CD56A46255C204800F7C75A /* Sources */ = {
			isa = PBXSourcesBuildPhase;
			buildActionMask = 2147483647;
			files = (
				6CD56A52255C204800F7C75A /* ViewController.swift in Sources */,
				6CD56A4E255C204800F7C75A /* AppDelegate.swift in Sources */,
				6CCBB3AE255EF7A10087B7FE /* DialVC.swift in Sources */,
				6C5472B3255D55F90047358B /* DialPadRow.swift in Sources */,
				6CD56A66255C341A00F7C75A /* BaseReusableView.swift in Sources */,
				6CCBB3B3255EF8A40087B7FE /* TransparentNavBarNC.swift in Sources */,
				6CD56A50255C204800F7C75A /* SceneDelegate.swift in Sources */,
				6CD56A71255C6B4C00F7C75A /* DialPadButton.swift in Sources */,
			);
			runOnlyForDeploymentPostprocessing = 0;
		};
/* End PBXSourcesBuildPhase section */

/* Begin PBXVariantGroup section */
		6CD56A53255C204800F7C75A /* Main.storyboard */ = {
			isa = PBXVariantGroup;
			children = (
				6CD56A54255C204800F7C75A /* Base */,
			);
			name = Main.storyboard;
			sourceTree = "<group>";
		};
		6CD56A58255C204A00F7C75A /* LaunchScreen.storyboard */ = {
			isa = PBXVariantGroup;
			children = (
				6CD56A59255C204A00F7C75A /* Base */,
			);
			name = LaunchScreen.storyboard;
			sourceTree = "<group>";
		};
/* End PBXVariantGroup section */

/* Begin XCBuildConfiguration section */
		6CD56A5C255C204A00F7C75A /* Debug */ = {
			isa = XCBuildConfiguration;
			buildSettings = {
				ALWAYS_SEARCH_USER_PATHS = NO;
				CLANG_ANALYZER_NONNULL = YES;
				CLANG_ANALYZER_NUMBER_OBJECT_CONVERSION = YES_AGGRESSIVE;
				CLANG_CXX_LANGUAGE_STANDARD = "gnu++14";
				CLANG_CXX_LIBRARY = "libc++";
				CLANG_ENABLE_MODULES = YES;
				CLANG_ENABLE_OBJC_ARC = YES;
				CLANG_ENABLE_OBJC_WEAK = YES;
				CLANG_WARN_BLOCK_CAPTURE_AUTORELEASING = YES;
				CLANG_WARN_BOOL_CONVERSION = YES;
				CLANG_WARN_COMMA = YES;
				CLANG_WARN_CONSTANT_CONVERSION = YES;
				CLANG_WARN_DEPRECATED_OBJC_IMPLEMENTATIONS = YES;
				CLANG_WARN_DIRECT_OBJC_ISA_USAGE = YES_ERROR;
				CLANG_WARN_DOCUMENTATION_COMMENTS = YES;
				CLANG_WARN_EMPTY_BODY = YES;
				CLANG_WARN_ENUM_CONVERSION = YES;
				CLANG_WARN_INFINITE_RECURSION = YES;
				CLANG_WARN_INT_CONVERSION = YES;
				CLANG_WARN_NON_LITERAL_NULL_CONVERSION = YES;
				CLANG_WARN_OBJC_IMPLICIT_RETAIN_SELF = YES;
				CLANG_WARN_OBJC_LITERAL_CONVERSION = YES;
				CLANG_WARN_OBJC_ROOT_CLASS = YES_ERROR;
				CLANG_WARN_QUOTED_INCLUDE_IN_FRAMEWORK_HEADER = YES;
				CLANG_WARN_RANGE_LOOP_ANALYSIS = YES;
				CLANG_WARN_STRICT_PROTOTYPES = YES;
				CLANG_WARN_SUSPICIOUS_MOVE = YES;
				CLANG_WARN_UNGUARDED_AVAILABILITY = YES_AGGRESSIVE;
				CLANG_WARN_UNREACHABLE_CODE = YES;
				CLANG_WARN__DUPLICATE_METHOD_MATCH = YES;
				COPY_PHASE_STRIP = NO;
				DEBUG_INFORMATION_FORMAT = dwarf;
				ENABLE_STRICT_OBJC_MSGSEND = YES;
				ENABLE_TESTABILITY = YES;
				GCC_C_LANGUAGE_STANDARD = gnu11;
				GCC_DYNAMIC_NO_PIC = NO;
				GCC_NO_COMMON_BLOCKS = YES;
				GCC_OPTIMIZATION_LEVEL = 0;
				GCC_PREPROCESSOR_DEFINITIONS = (
					"DEBUG=1",
					"$(inherited)",
				);
				GCC_WARN_64_TO_32_BIT_CONVERSION = YES;
				GCC_WARN_ABOUT_RETURN_TYPE = YES_ERROR;
				GCC_WARN_UNDECLARED_SELECTOR = YES;
				GCC_WARN_UNINITIALIZED_AUTOS = YES_AGGRESSIVE;
				GCC_WARN_UNUSED_FUNCTION = YES;
				GCC_WARN_UNUSED_VARIABLE = YES;
				IPHONEOS_DEPLOYMENT_TARGET = 14.0;
				MTL_ENABLE_DEBUG_INFO = INCLUDE_SOURCE;
				MTL_FAST_MATH = YES;
				ONLY_ACTIVE_ARCH = YES;
				SDKROOT = iphoneos;
				SWIFT_ACTIVE_COMPILATION_CONDITIONS = DEBUG;
				SWIFT_OPTIMIZATION_LEVEL = "-Onone";
			};
			name = Debug;
		};
		6CD56A5D255C204A00F7C75A /* Release */ = {
			isa = XCBuildConfiguration;
			buildSettings = {
				ALWAYS_SEARCH_USER_PATHS = NO;
				CLANG_ANALYZER_NONNULL = YES;
				CLANG_ANALYZER_NUMBER_OBJECT_CONVERSION = YES_AGGRESSIVE;
				CLANG_CXX_LANGUAGE_STANDARD = "gnu++14";
				CLANG_CXX_LIBRARY = "libc++";
				CLANG_ENABLE_MODULES = YES;
				CLANG_ENABLE_OBJC_ARC = YES;
				CLANG_ENABLE_OBJC_WEAK = YES;
				CLANG_WARN_BLOCK_CAPTURE_AUTORELEASING = YES;
				CLANG_WARN_BOOL_CONVERSION = YES;
				CLANG_WARN_COMMA = YES;
				CLANG_WARN_CONSTANT_CONVERSION = YES;
				CLANG_WARN_DEPRECATED_OBJC_IMPLEMENTATIONS = YES;
				CLANG_WARN_DIRECT_OBJC_ISA_USAGE = YES_ERROR;
				CLANG_WARN_DOCUMENTATION_COMMENTS = YES;
				CLANG_WARN_EMPTY_BODY = YES;
				CLANG_WARN_ENUM_CONVERSION = YES;
				CLANG_WARN_INFINITE_RECURSION = YES;
				CLANG_WARN_INT_CONVERSION = YES;
				CLANG_WARN_NON_LITERAL_NULL_CONVERSION = YES;
				CLANG_WARN_OBJC_IMPLICIT_RETAIN_SELF = YES;
				CLANG_WARN_OBJC_LITERAL_CONVERSION = YES;
				CLANG_WARN_OBJC_ROOT_CLASS = YES_ERROR;
				CLANG_WARN_QUOTED_INCLUDE_IN_FRAMEWORK_HEADER = YES;
				CLANG_WARN_RANGE_LOOP_ANALYSIS = YES;
				CLANG_WARN_STRICT_PROTOTYPES = YES;
				CLANG_WARN_SUSPICIOUS_MOVE = YES;
				CLANG_WARN_UNGUARDED_AVAILABILITY = YES_AGGRESSIVE;
				CLANG_WARN_UNREACHABLE_CODE = YES;
				CLANG_WARN__DUPLICATE_METHOD_MATCH = YES;
				COPY_PHASE_STRIP = NO;
				DEBUG_INFORMATION_FORMAT = "dwarf-with-dsym";
				ENABLE_NS_ASSERTIONS = NO;
				ENABLE_STRICT_OBJC_MSGSEND = YES;
				GCC_C_LANGUAGE_STANDARD = gnu11;
				GCC_NO_COMMON_BLOCKS = YES;
				GCC_WARN_64_TO_32_BIT_CONVERSION = YES;
				GCC_WARN_ABOUT_RETURN_TYPE = YES_ERROR;
				GCC_WARN_UNDECLARED_SELECTOR = YES;
				GCC_WARN_UNINITIALIZED_AUTOS = YES_AGGRESSIVE;
				GCC_WARN_UNUSED_FUNCTION = YES;
				GCC_WARN_UNUSED_VARIABLE = YES;
				IPHONEOS_DEPLOYMENT_TARGET = 14.0;
				MTL_ENABLE_DEBUG_INFO = NO;
				MTL_FAST_MATH = YES;
				SDKROOT = iphoneos;
				SWIFT_COMPILATION_MODE = wholemodule;
				SWIFT_OPTIMIZATION_LEVEL = "-O";
				VALIDATE_PRODUCT = YES;
			};
			name = Release;
		};
		6CD56A5F255C204A00F7C75A /* Debug */ = {
			isa = XCBuildConfiguration;
			buildSettings = {
				ASSETCATALOG_COMPILER_APPICON_NAME = AppIcon;
				ASSETCATALOG_COMPILER_GLOBAL_ACCENT_COLOR_NAME = AccentColor;
				CODE_SIGN_STYLE = Automatic;
				INFOPLIST_FILE = "Dial Pad/Info.plist";
				LD_RUNPATH_SEARCH_PATHS = (
					"$(inherited)",
					"@executable_path/Frameworks",
				);
				PRODUCT_BUNDLE_IDENTIFIER = "Freeuni.iOS.Dial-Pad";
				PRODUCT_NAME = "$(TARGET_NAME)";
				SWIFT_VERSION = 5.0;
				TARGETED_DEVICE_FAMILY = "1,2";
			};
			name = Debug;
		};
		6CD56A60255C204A00F7C75A /* Release */ = {
			isa = XCBuildConfiguration;
			buildSettings = {
				ASSETCATALOG_COMPILER_APPICON_NAME = AppIcon;
				ASSETCATALOG_COMPILER_GLOBAL_ACCENT_COLOR_NAME = AccentColor;
				CODE_SIGN_STYLE = Automatic;
				INFOPLIST_FILE = "Dial Pad/Info.plist";
				LD_RUNPATH_SEARCH_PATHS = (
					"$(inherited)",
					"@executable_path/Frameworks",
				);
				PRODUCT_BUNDLE_IDENTIFIER = "Freeuni.iOS.Dial-Pad";
				PRODUCT_NAME = "$(TARGET_NAME)";
				SWIFT_VERSION = 5.0;
				TARGETED_DEVICE_FAMILY = "1,2";
			};
			name = Release;
		};
/* End XCBuildConfiguration section */

/* Begin XCConfigurationList section */
		6CD56A45255C204800F7C75A /* Build configuration list for PBXProject "Dial Pad" */ = {
			isa = XCConfigurationList;
			buildConfigurations = (
				6CD56A5C255C204A00F7C75A /* Debug */,
				6CD56A5D255C204A00F7C75A /* Release */,
			);
			defaultConfigurationIsVisible = 0;
			defaultConfigurationName = Release;
		};
		6CD56A5E255C204A00F7C75A /* Build configuration list for PBXNativeTarget "Dial Pad" */ = {
			isa = XCConfigurationList;
			buildConfigurations = (
				6CD56A5F255C204A00F7C75A /* Debug */,
				6CD56A60255C204A00F7C75A /* Release */,
			);
			defaultConfigurationIsVisible = 0;
			defaultConfigurationName = Release;
		};
/* End XCConfigurationList section */
	};
	rootObject = 6CD56A42255C204800F7C75A /* Project object */;
}
